
Microsoft Visual Studio Solution File, Format Version 12.00
# Visual Studio Version 16
VisualStudioVersion = 16.0.30907.101
MinimumVisualStudioVersion = 10.0.40219.1
Project("{FAE04EC0-301F-11D3-BF4B-00C04F79EFBC}") = "DemoRealTimeApp", "DemoRealTimeApp\DemoRealTimeApp.csproj", "{588DD0D0-7728-428C-BA90-D83D12898174}"
EndProject
Global
	GlobalSection(SolutionConfigurationPlatforms) = preSolution
		Debug|Any CPU = Debug|Any CPU
		Release|Any CPU = Release|Any CPU
	EndGlobalSection
	GlobalSection(ProjectConfigurationPlatforms) = postSolution
		{588DD0D0-7728-428C-BA90-D83D12898174}.Debug|Any CPU.ActiveCfg = Debug|Any CPU
		{588DD0D0-7728-428C-BA90-D83D12898174}.Debug|Any CPU.Build.0 = Debug|Any CPU
		{588DD0D0-7728-428C-BA90-D83D12898174}.Release|Any CPU.ActiveCfg = Release|Any CPU
		{588DD0D0-7728-428C-BA90-D83D12898174}.Release|Any CPU.Build.0 = Release|Any CPU
	EndGlobalSection
	GlobalSection(SolutionProperties) = preSolution
		HideSolutionNode = FALSE
	EndGlobalSection
	GlobalSection(ExtensibilityGlobals) = postSolution
		SolutionGuid = {127D1E82-3799-4CB7-BFDB-CD181173388E}
	EndGlobalSection
EndGlobal
